// !$*UTF8*$!
{
	archiveVersion = 1;
	classes = {
	};
	objectVersion = 46;
	objects = {

/* Begin PBXBuildFile section */
		B70DD8F51C207D0100BDEB16 /* AppDelegate.swift in Sources */ = {isa = PBXBuildFile; fileRef = B70DD8F41C207D0100BDEB16 /* AppDelegate.swift */; };
		B70DD8F71C207D0100BDEB16 /* ViewController.swift in Sources */ = {isa = PBXBuildFile; fileRef = B70DD8F61C207D0100BDEB16 /* ViewController.swift */; };
		B70DD8FA1C207D0100BDEB16 /* Main.storyboard in Resources */ = {isa = PBXBuildFile; fileRef = B70DD8F81C207D0100BDEB16 /* Main.storyboard */; };
		B70DD8FC1C207D0100BDEB16 /* Assets.xcassets in Resources */ = {isa = PBXBuildFile; fileRef = B70DD8FB1C207D0100BDEB16 /* Assets.xcassets */; };
		B70DD8FF1C207D0100BDEB16 /* LaunchScreen.storyboard in Resources */ = {isa = PBXBuildFile; fileRef = B70DD8FD1C207D0100BDEB16 /* LaunchScreen.storyboard */; };
		B70DD90A1C207D0100BDEB16 /* AlbumTests.swift in Sources */ = {isa = PBXBuildFile; fileRef = B70DD9091C207D0100BDEB16 /* AlbumTests.swift */; };
		B70DD9151C207D0100BDEB16 /* AlbumUITests.swift in Sources */ = {isa = PBXBuildFile; fileRef = B70DD9141C207D0100BDEB16 /* AlbumUITests.swift */; };
/* End PBXBuildFile section */

/* Begin PBXContainerItemProxy section */
		B70DD9061C207D0100BDEB16 /* PBXContainerItemProxy */ = {
			isa = PBXContainerItemProxy;
			containerPortal = B70DD8E91C207D0100BDEB16 /* Project object */;
			proxyType = 1;
			remoteGlobalIDString = B70DD8F01C207D0100BDEB16;
			remoteInfo = Album;
		};
		B70DD9111C207D0100BDEB16 /* PBXContainerItemProxy */ = {
			isa = PBXContainerItemProxy;
			containerPortal = B70DD8E91C207D0100BDEB16 /* Project object */;
			proxyType = 1;
			remoteGlobalIDString = B70DD8F01C207D0100BDEB16;
			remoteInfo = Album;
		};
/* End PBXContainerItemProxy section */

/* Begin PBXFileReference section */
		B70DD8F11C207D0100BDEB16 /* Album.app */ = {isa = PBXFileReference; explicitFileType = wrapper.application; includeInIndex = 0; path = Album.app; sourceTree = BUILT_PRODUCTS_DIR; };
		B70DD8F41C207D0100BDEB16 /* AppDelegate.swift */ = {isa = PBXFileReference; lastKnownFileType = sourcecode.swift; path = AppDelegate.swift; sourceTree = "<group>"; };
		B70DD8F61C207D0100BDEB16 /* ViewController.swift */ = {isa = PBXFileReference; lastKnownFileType = sourcecode.swift; path = ViewController.swift; sourceTree = "<group>"; };
		B70DD8F91C207D0100BDEB16 /* Base */ = {isa = PBXFileReference; lastKnownFileType = file.storyboard; name = Base; path = Base.lproj/Main.storyboard; sourceTree = "<group>"; };
		B70DD8FB1C207D0100BDEB16 /* Assets.xcassets */ = {isa = PBXFileReference; lastKnownFileType = folder.assetcatalog; path = Assets.xcassets; sourceTree = "<group>"; };
		B70DD8FE1C207D0100BDEB16 /* Base */ = {isa = PBXFileReference; lastKnownFileType = file.storyboard; name = Base; path = Base.lproj/LaunchScreen.storyboard; sourceTree = "<group>"; };
		B70DD9001C207D0100BDEB16 /* Info.plist */ = {isa = PBXFileReference; lastKnownFileType = text.plist.xml; path = Info.plist; sourceTree = "<group>"; };
		B70DD9051C207D0100BDEB16 /* AlbumTests.xctest */ = {isa = PBXFileReference; explicitFileType = wrapper.cfbundle; includeInIndex = 0; path = AlbumTests.xctest; sourceTree = BUILT_PRODUCTS_DIR; };
		B70DD9091C207D0100BDEB16 /* AlbumTests.swift */ = {isa = PBXFileReference; lastKnownFileType = sourcecode.swift; path = AlbumTests.swift; sourceTree = "<group>"; };
		B70DD90B1C207D0100BDEB16 /* Info.plist */ = {isa = PBXFileReference; lastKnownFileType = text.plist.xml; path = Info.plist; sourceTree = "<group>"; };
		B70DD9101C207D0100BDEB16 /* AlbumUITests.xctest */ = {isa = PBXFileReference; explicitFileType = wrapper.cfbundle; includeInIndex = 0; path = AlbumUITests.xctest; sourceTree = BUILT_PRODUCTS_DIR; };
		B70DD9141C207D0100BDEB16 /* AlbumUITests.swift */ = {isa = PBXFileReference; lastKnownFileType = sourcecode.swift; path = AlbumUITests.swift; sourceTree = "<group>"; };
		B70DD9161C207D0100BDEB16 /* Info.plist */ = {isa = PBXFileReference; lastKnownFileType = text.plist.xml; path = Info.plist; sourceTree = "<group>"; };
/* End PBXFileReference section */

/* Begin PBXFrameworksBuildPhase section */
		B70DD8EE1C207D0100BDEB16 /* Frameworks */ = {
			isa = PBXFrameworksBuildPhase;
			buildActionMask = 2147483647;
			files = (
			);
			runOnlyForDeploymentPostprocessing = 0;
		};
		B70DD9021C207D0100BDEB16 /* Frameworks */ = {
			isa = PBXFrameworksBuildPhase;
			buildActionMask = 2147483647;
			files = (
			);
			runOnlyForDeploymentPostprocessing = 0;
		};
		B70DD90D1C207D0100BDEB16 /* Frameworks */ = {
			isa = PBXFrameworksBuildPhase;
			buildActionMask = 2147483647;
			files = (
			);
			runOnlyForDeploymentPostprocessing = 0;
		};
/* End PBXFrameworksBuildPhase section */

/* Begin PBXGroup section */
		B70DD8E81C207D0100BDEB16 = {
			isa = PBXGroup;
			children = (
				B70DD8F31C207D0100BDEB16 /* Album */,
				B70DD9081C207D0100BDEB16 /* AlbumTests */,
				B70DD9131C207D0100BDEB16 /* AlbumUITests */,
				B70DD8F21C207D0100BDEB16 /* Products */,
			);
			sourceTree = "<group>";
		};
		B70DD8F21C207D0100BDEB16 /* Products */ = {
			isa = PBXGroup;
			children = (
				B70DD8F11C207D0100BDEB16 /* Album.app */,
				B70DD9051C207D0100BDEB16 /* AlbumTests.xctest */,
				B70DD9101C207D0100BDEB16 /* AlbumUITests.xctest */,
			);
			name = Products;
			sourceTree = "<group>";
		};
		B70DD8F31C207D0100BDEB16 /* Album */ = {
			isa = PBXGroup;
			children = (
				B70DD8F41C207D0100BDEB16 /* AppDelegate.swift */,
				B70DD8F61C207D0100BDEB16 /* ViewController.swift */,
				B70DD8F81C207D0100BDEB16 /* Main.storyboard */,
				B70DD8FB1C207D0100BDEB16 /* Assets.xcassets */,
				B70DD8FD1C207D0100BDEB16 /* LaunchScreen.storyboard */,
				B70DD9001C207D0100BDEB16 /* Info.plist */,
			);
			path = Album;
			sourceTree = "<group>";
		};
		B70DD9081C207D0100BDEB16 /* AlbumTests */ = {
			isa = PBXGroup;
			children = (
				B70DD9091C207D0100BDEB16 /* AlbumTests.swift */,
				B70DD90B1C207D0100BDEB16 /* Info.plist */,
			);
			path = AlbumTests;
			sourceTree = "<group>";
		};
		B70DD9131C207D0100BDEB16 /* AlbumUITests */ = {
			isa = PBXGroup;
			children = (
				B70DD9141C207D0100BDEB16 /* AlbumUITests.swift */,
				B70DD9161C207D0100BDEB16 /* Info.plist */,
			);
			path = AlbumUITests;
			sourceTree = "<group>";
		};
/* End PBXGroup section */

/* Begin PBXNativeTarget section */
		B70DD8F01C207D0100BDEB16 /* Album */ = {
			isa = PBXNativeTarget;
			buildConfigurationList = B70DD9191C207D0100BDEB16 /* Build configuration list for PBXNativeTarget "Album" */;
			buildPhases = (
				B70DD8ED1C207D0100BDEB16 /* Sources */,
				B70DD8EE1C207D0100BDEB16 /* Frameworks */,
				B70DD8EF1C207D0100BDEB16 /* Resources */,
			);
			buildRules = (
			);
			dependencies = (
			);
			name = Album;
			productName = Album;
			productReference = B70DD8F11C207D0100BDEB16 /* Album.app */;
			productType = "com.apple.product-type.application";
		};
		B70DD9041C207D0100BDEB16 /* AlbumTests */ = {
			isa = PBXNativeTarget;
			buildConfigurationList = B70DD91C1C207D0100BDEB16 /* Build configuration list for PBXNativeTarget "AlbumTests" */;
			buildPhases = (
				B70DD9011C207D0100BDEB16 /* Sources */,
				B70DD9021C207D0100BDEB16 /* Frameworks */,
				B70DD9031C207D0100BDEB16 /* Resources */,
			);
			buildRules = (
			);
			dependencies = (
				B70DD9071C207D0100BDEB16 /* PBXTargetDependency */,
			);
			name = AlbumTests;
			productName = AlbumTests;
			productReference = B70DD9051C207D0100BDEB16 /* AlbumTests.xctest */;
			productType = "com.apple.product-type.bundle.unit-test";
		};
		B70DD90F1C207D0100BDEB16 /* AlbumUITests */ = {
			isa = PBXNativeTarget;
			buildConfigurationList = B70DD91F1C207D0100BDEB16 /* Build configuration list for PBXNativeTarget "AlbumUITests" */;
			buildPhases = (
				B70DD90C1C207D0100BDEB16 /* Sources */,
				B70DD90D1C207D0100BDEB16 /* Frameworks */,
				B70DD90E1C207D0100BDEB16 /* Resources */,
			);
			buildRules = (
			);
			dependencies = (
				B70DD9121C207D0100BDEB16 /* PBXTargetDependency */,
			);
			name = AlbumUITests;
			productName = AlbumUITests;
			productReference = B70DD9101C207D0100BDEB16 /* AlbumUITests.xctest */;
			productType = "com.apple.product-type.bundle.ui-testing";
		};
/* End PBXNativeTarget section */

/* Begin PBXProject section */
		B70DD8E91C207D0100BDEB16 /* Project object */ = {
			isa = PBXProject;
			attributes = {
				LastSwiftUpdateCheck = 0710;
				LastUpgradeCheck = 0710;
				ORGANIZATIONNAME = k2tt;
				TargetAttributes = {
					B70DD8F01C207D0100BDEB16 = {
						CreatedOnToolsVersion = 7.1.1;
					};
					B70DD9041C207D0100BDEB16 = {
						CreatedOnToolsVersion = 7.1.1;
						TestTargetID = B70DD8F01C207D0100BDEB16;
					};
					B70DD90F1C207D0100BDEB16 = {
						CreatedOnToolsVersion = 7.1.1;
						TestTargetID = B70DD8F01C207D0100BDEB16;
					};
				};
			};
			buildConfigurationList = B70DD8EC1C207D0100BDEB16 /* Build configuration list for PBXProject "Album" */;
			compatibilityVersion = "Xcode 3.2";
			developmentRegion = English;
			hasScannedForEncodings = 0;
			knownRegions = (
				en,
				Base,
			);
			mainGroup = B70DD8E81C207D0100BDEB16;
			productRefGroup = B70DD8F21C207D0100BDEB16 /* Products */;
			projectDirPath = "";
			projectRoot = "";
			targets = (
				B70DD8F01C207D0100BDEB16 /* Album */,
				B70DD9041C207D0100BDEB16 /* AlbumTests */,
				B70DD90F1C207D0100BDEB16 /* AlbumUITests */,
			);
		};
/* End PBXProject section */

/* Begin PBXResourcesBuildPhase section */
		B70DD8EF1C207D0100BDEB16 /* Resources */ = {
			isa = PBXResourcesBuildPhase;
			buildActionMask = 2147483647;
			files = (
				B70DD8FF1C207D0100BDEB16 /* LaunchScreen.storyboard in Resources */,
				B70DD8FC1C207D0100BDEB16 /* Assets.xcassets in Resources */,
				B70DD8FA1C207D0100BDEB16 /* Main.storyboard in Resources */,
			);
			runOnlyForDeploymentPostprocessing = 0;
		};
		B70DD9031C207D0100BDEB16 /* Resources */ = {
			isa = PBXResourcesBuildPhase;
			buildActionMask = 2147483647;
			files = (
			);
			runOnlyForDeploymentPostprocessing = 0;
		};
		B70DD90E1C207D0100BDEB16 /* Resources */ = {
			isa = PBXResourcesBuildPhase;
			buildActionMask = 2147483647;
			files = (
			);
			runOnlyForDeploymentPostprocessing = 0;
		};
/* End PBXResourcesBuildPhase section */

/* Begin PBXSourcesBuildPhase section */
		B70DD8ED1C207D0100BDEB16 /* Sources */ = {
			isa = PBXSourcesBuildPhase;
			buildActionMask = 2147483647;
			files = (
				B70DD8F71C207D0100BDEB16 /* ViewController.swift in Sources */,
				B70DD8F51C207D0100BDEB16 /* AppDelegate.swift in Sources */,
			);
			runOnlyForDeploymentPostprocessing = 0;
		};
		B70DD9011C207D0100BDEB16 /* Sources */ = {
			isa = PBXSourcesBuildPhase;
			buildActionMask = 2147483647;
			files = (
				B70DD90A1C207D0100BDEB16 /* AlbumTests.swift in Sources */,
			);
			runOnlyForDeploymentPostprocessing = 0;
		};
		B70DD90C1C207D0100BDEB16 /* Sources */ = {
			isa = PBXSourcesBuildPhase;
			buildActionMask = 2147483647;
			files = (
				B70DD9151C207D0100BDEB16 /* AlbumUITests.swift in Sources */,
			);
			runOnlyForDeploymentPostprocessing = 0;
		};
/* End PBXSourcesBuildPhase section */

/* Begin PBXTargetDependency section */
		B70DD9071C207D0100BDEB16 /* PBXTargetDependency */ = {
			isa = PBXTargetDependency;
			target = B70DD8F01C207D0100BDEB16 /* Album */;
			targetProxy = B70DD9061C207D0100BDEB16 /* PBXContainerItemProxy */;
		};
		B70DD9121C207D0100BDEB16 /* PBXTargetDependency */ = {
			isa = PBXTargetDependency;
			target = B70DD8F01C207D0100BDEB16 /* Album */;
			targetProxy = B70DD9111C207D0100BDEB16 /* PBXContainerItemProxy */;
		};
/* End PBXTargetDependency section */

/* Begin PBXVariantGroup section */
		B70DD8F81C207D0100BDEB16 /* Main.storyboard */ = {
			isa = PBXVariantGroup;
			children = (
				B70DD8F91C207D0100BDEB16 /* Base */,
			);
			name = Main.storyboard;
			sourceTree = "<group>";
		};
		B70DD8FD1C207D0100BDEB16 /* LaunchScreen.storyboard */ = {
			isa = PBXVariantGroup;
			children = (
				B70DD8FE1C207D0100BDEB16 /* Base */,
			);
			name = LaunchScreen.storyboard;
			sourceTree = "<group>";
		};
/* End PBXVariantGroup section */

/* Begin XCBuildConfiguration section */
		B70DD9171C207D0100BDEB16 /* Debug */ = {
			isa = XCBuildConfiguration;
			buildSettings = {
				ALWAYS_SEARCH_USER_PATHS = NO;
				CLANG_CXX_LANGUAGE_STANDARD = "gnu++0x";
				CLANG_CXX_LIBRARY = "libc++";
				CLANG_ENABLE_MODULES = YES;
				CLANG_ENABLE_OBJC_ARC = YES;
				CLANG_WARN_BOOL_CONVERSION = YES;
				CLANG_WARN_CONSTANT_CONVERSION = YES;
				CLANG_WARN_DIRECT_OBJC_ISA_USAGE = YES_ERROR;
				CLANG_WARN_EMPTY_BODY = YES;
				CLANG_WARN_ENUM_CONVERSION = YES;
				CLANG_WARN_INT_CONVERSION = YES;
				CLANG_WARN_OBJC_ROOT_CLASS = YES_ERROR;
				CLANG_WARN_UNREACHABLE_CODE = YES;
				CLANG_WARN__DUPLICATE_METHOD_MATCH = YES;
				"CODE_SIGN_IDENTITY[sdk=iphoneos*]" = "iPhone Developer";
				COPY_PHASE_STRIP = NO;
				DEBUG_INFORMATION_FORMAT = dwarf;
				ENABLE_STRICT_OBJC_MSGSEND = YES;
				ENABLE_TESTABILITY = YES;
				GCC_C_LANGUAGE_STANDARD = gnu99;
				GCC_DYNAMIC_NO_PIC = NO;
				GCC_NO_COMMON_BLOCKS = YES;
				GCC_OPTIMIZATION_LEVEL = 0;
				GCC_PREPROCESSOR_DEFINITIONS = (
					"DEBUG=1",
					"$(inherited)",
				);
				GCC_WARN_64_TO_32_BIT_CONVERSION = YES;
				GCC_WARN_ABOUT_RETURN_TYPE = YES_ERROR;
				GCC_WARN_UNDECLARED_SELECTOR = YES;
				GCC_WARN_UNINITIALIZED_AUTOS = YES_AGGRESSIVE;
				GCC_WARN_UNUSED_FUNCTION = YES;
				GCC_WARN_UNUSED_VARIABLE = YES;
				IPHONEOS_DEPLOYMENT_TARGET = 9.1;
				MTL_ENABLE_DEBUG_INFO = YES;
				ONLY_ACTIVE_ARCH = YES;
				SDKROOT = iphoneos;
				SWIFT_OPTIMIZATION_LEVEL = "-Onone";
				TARGETED_DEVICE_FAMILY = "1,2";
			};
			name = Debug;
		};
		B70DD9181C207D0100BDEB16 /* Release */ = {
			isa = XCBuildConfiguration;
			buildSettings = {
				ALWAYS_SEARCH_USER_PATHS = NO;
				CLANG_CXX_LANGUAGE_STANDARD = "gnu++0x";
				CLANG_CXX_LIBRARY = "libc++";
				CLANG_ENABLE_MODULES = YES;
				CLANG_ENABLE_OBJC_ARC = YES;
				CLANG_WARN_BOOL_CONVERSION = YES;
				CLANG_WARN_CONSTANT_CONVERSION = YES;
				CLANG_WARN_DIRECT_OBJC_ISA_USAGE = YES_ERROR;
				CLANG_WARN_EMPTY_BODY = YES;
				CLANG_WARN_ENUM_CONVERSION = YES;
				CLANG_WARN_INT_CONVERSION = YES;
				CLANG_WARN_OBJC_ROOT_CLASS = YES_ERROR;
				CLANG_WARN_UNREACHABLE_CODE = YES;
				CLANG_WARN__DUPLICATE_METHOD_MATCH = YES;
				"CODE_SIGN_IDENTITY[sdk=iphoneos*]" = "iPhone Developer";
				COPY_PHASE_STRIP = NO;
				DEBUG_INFORMATION_FORMAT = "dwarf-with-dsym";
				ENABLE_NS_ASSERTIONS = NO;
				ENABLE_STRICT_OBJC_MSGSEND = YES;
				GCC_C_LANGUAGE_STANDARD = gnu99;
				GCC_NO_COMMON_BLOCKS = YES;
				GCC_WARN_64_TO_32_BIT_CONVERSION = YES;
				GCC_WARN_ABOUT_RETURN_TYPE = YES_ERROR;
				GCC_WARN_UNDECLARED_SELECTOR = YES;
				GCC_WARN_UNINITIALIZED_AUTOS = YES_AGGRESSIVE;
				GCC_WARN_UNUSED_FUNCTION = YES;
				GCC_WARN_UNUSED_VARIABLE = YES;
				IPHONEOS_DEPLOYMENT_TARGET = 9.1;
				MTL_ENABLE_DEBUG_INFO = NO;
				SDKROOT = iphoneos;
				TARGETED_DEVICE_FAMILY = "1,2";
				VALIDATE_PRODUCT = YES;
			};
			name = Release;
		};
		B70DD91A1C207D0100BDEB16 /* Debug */ = {
			isa = XCBuildConfiguration;
			buildSettings = {
				ASSETCATALOG_COMPILER_APPICON_NAME = AppIcon;
				INFOPLIST_FILE = Album/Info.plist;
				LD_RUNPATH_SEARCH_PATHS = "$(inherited) @executable_path/Frameworks";
				PRODUCT_BUNDLE_IDENTIFIER = com.k2tt.Album;
				PRODUCT_NAME = "$(TARGET_NAME)";
			};
			name = Debug;
		};
		B70DD91B1C207D0100BDEB16 /* Release */ = {
			isa = XCBuildConfiguration;
			buildSettings = {
				ASSETCATALOG_COMPILER_APPICON_NAME = AppIcon;
				INFOPLIST_FILE = Album/Info.plist;
				LD_RUNPATH_SEARCH_PATHS = "$(inherited) @executable_path/Frameworks";
				PRODUCT_BUNDLE_IDENTIFIER = com.k2tt.Album;
				PRODUCT_NAME = "$(TARGET_NAME)";
			};
			name = Release;
		};
		B70DD91D1C207D0100BDEB16 /* Debug */ = {
			isa = XCBuildConfiguration;
			buildSettings = {
				BUNDLE_LOADER = "$(TEST_HOST)";
				INFOPLIST_FILE = AlbumTests/Info.plist;
				LD_RUNPATH_SEARCH_PATHS = "$(inherited) @executable_path/Frameworks @loader_path/Frameworks";
				PRODUCT_BUNDLE_IDENTIFIER = com.k2tt.AlbumTests;
				PRODUCT_NAME = "$(TARGET_NAME)";
				TEST_HOST = "$(BUILT_PRODUCTS_DIR)/Album.app/Album";
			};
			name = Debug;
		};
		B70DD91E1C207D0100BDEB16 /* Release */ = {
			isa = XCBuildConfiguration;
			buildSettings = {
				BUNDLE_LOADER = "$(TEST_HOST)";
				INFOPLIST_FILE = AlbumTests/Info.plist;
				LD_RUNPATH_SEARCH_PATHS = "$(inherited) @executable_path/Frameworks @loader_path/Frameworks";
				PRODUCT_BUNDLE_IDENTIFIER = com.k2tt.AlbumTests;
				PRODUCT_NAME = "$(TARGET_NAME)";
				TEST_HOST = "$(BUILT_PRODUCTS_DIR)/Album.app/Album";
			};
			name = Release;
		};
		B70DD9201C207D0100BDEB16 /* Debug */ = {
			isa = XCBuildConfiguration;
			buildSettings = {
				INFOPLIST_FILE = AlbumUITests/Info.plist;
				LD_RUNPATH_SEARCH_PATHS = "$(inherited) @executable_path/Frameworks @loader_path/Frameworks";
				PRODUCT_BUNDLE_IDENTIFIER = com.k2tt.AlbumUITests;
				PRODUCT_NAME = "$(TARGET_NAME)";
				TEST_TARGET_NAME = Album;
				USES_XCTRUNNER = YES;
			};
			name = Debug;
		};
		B70DD9211C207D0100BDEB16 /* Release */ = {
			isa = XCBuildConfiguration;
			buildSettings = {
				INFOPLIST_FILE = AlbumUITests/Info.plist;
				LD_RUNPATH_SEARCH_PATHS = "$(inherited) @executable_path/Frameworks @loader_path/Frameworks";
				PRODUCT_BUNDLE_IDENTIFIER = com.k2tt.AlbumUITests;
				PRODUCT_NAME = "$(TARGET_NAME)";
				TEST_TARGET_NAME = Album;
				USES_XCTRUNNER = YES;
			};
			name = Release;
		};
/* End XCBuildConfiguration section */

/* Begin XCConfigurationList section */
		B70DD8EC1C207D0100BDEB16 /* Build configuration list for PBXProject "Album" */ = {
			isa = XCConfigurationList;
			buildConfigurations = (
				B70DD9171C207D0100BDEB16 /* Debug */,
				B70DD9181C207D0100BDEB16 /* Release */,
			);
			defaultConfigurationIsVisible = 0;
			defaultConfigurationName = Release;
		};
		B70DD9191C207D0100BDEB16 /* Build configuration list for PBXNativeTarget "Album" */ = {
			isa = XCConfigurationList;
			buildConfigurations = (
				B70DD91A1C207D0100BDEB16 /* Debug */,
				B70DD91B1C207D0100BDEB16 /* Release */,
			);
			defaultConfigurationIsVisible = 0;
		};
		B70DD91C1C207D0100BDEB16 /* Build configuration list for PBXNativeTarget "AlbumTests" */ = {
			isa = XCConfigurationList;
			buildConfigurations = (
				B70DD91D1C207D0100BDEB16 /* Debug */,
				B70DD91E1C207D0100BDEB16 /* Release */,
			);
			defaultConfigurationIsVisible = 0;
		};
		B70DD91F1C207D0100BDEB16 /* Build configuration list for PBXNativeTarget "AlbumUITests" */ = {
			isa = XCConfigurationList;
			buildConfigurations = (
				B70DD9201C207D0100BDEB16 /* Debug */,
				B70DD9211C207D0100BDEB16 /* Release */,
			);
			defaultConfigurationIsVisible = 0;
		};
/* End XCConfigurationList section */
	};
	rootObject = B70DD8E91C207D0100BDEB16 /* Project object */;
}
