// !$*UTF8*$!
{
	archiveVersion = 1;
	classes = {
	};
	objectVersion = 46;
	objects = {

/* Begin PBXBuildFile section */
		B75324B41C3C0EA500BAD592 /* AppDelegate.swift in Sources */ = {isa = PBXBuildFile; fileRef = B75324B31C3C0EA500BAD592 /* AppDelegate.swift */; };
		B75324B61C3C0EA500BAD592 /* ViewController.swift in Sources */ = {isa = PBXBuildFile; fileRef = B75324B51C3C0EA500BAD592 /* ViewController.swift */; };
		B75324B91C3C0EA500BAD592 /* Main.storyboard in Resources */ = {isa = PBXBuildFile; fileRef = B75324B71C3C0EA500BAD592 /* Main.storyboard */; };
		B75324BB1C3C0EA500BAD592 /* Assets.xcassets in Resources */ = {isa = PBXBuildFile; fileRef = B75324BA1C3C0EA500BAD592 /* Assets.xcassets */; };
		B75324BE1C3C0EA500BAD592 /* LaunchScreen.storyboard in Resources */ = {isa = PBXBuildFile; fileRef = B75324BC1C3C0EA500BAD592 /* LaunchScreen.storyboard */; };
		B75324C91C3C0EA500BAD592 /* protocol_testTests.swift in Sources */ = {isa = PBXBuildFile; fileRef = B75324C81C3C0EA500BAD592 /* protocol_testTests.swift */; };
		B75324D41C3C0EA500BAD592 /* protocol_testUITests.swift in Sources */ = {isa = PBXBuildFile; fileRef = B75324D31C3C0EA500BAD592 /* protocol_testUITests.swift */; };
		B75324E21C3C0F7400BAD592 /* ModalView.swift in Sources */ = {isa = PBXBuildFile; fileRef = B75324E11C3C0F7400BAD592 /* ModalView.swift */; };
/* End PBXBuildFile section */

/* Begin PBXContainerItemProxy section */
		B75324C51C3C0EA500BAD592 /* PBXContainerItemProxy */ = {
			isa = PBXContainerItemProxy;
			containerPortal = B75324A81C3C0EA500BAD592 /* Project object */;
			proxyType = 1;
			remoteGlobalIDString = B75324AF1C3C0EA500BAD592;
			remoteInfo = protocol_test;
		};
		B75324D01C3C0EA500BAD592 /* PBXContainerItemProxy */ = {
			isa = PBXContainerItemProxy;
			containerPortal = B75324A81C3C0EA500BAD592 /* Project object */;
			proxyType = 1;
			remoteGlobalIDString = B75324AF1C3C0EA500BAD592;
			remoteInfo = protocol_test;
		};
/* End PBXContainerItemProxy section */

/* Begin PBXFileReference section */
		B75324B01C3C0EA500BAD592 /* protocol_test.app */ = {isa = PBXFileReference; explicitFileType = wrapper.application; includeInIndex = 0; path = protocol_test.app; sourceTree = BUILT_PRODUCTS_DIR; };
		B75324B31C3C0EA500BAD592 /* AppDelegate.swift */ = {isa = PBXFileReference; lastKnownFileType = sourcecode.swift; path = AppDelegate.swift; sourceTree = "<group>"; };
		B75324B51C3C0EA500BAD592 /* ViewController.swift */ = {isa = PBXFileReference; lastKnownFileType = sourcecode.swift; path = ViewController.swift; sourceTree = "<group>"; };
		B75324B81C3C0EA500BAD592 /* Base */ = {isa = PBXFileReference; lastKnownFileType = file.storyboard; name = Base; path = Base.lproj/Main.storyboard; sourceTree = "<group>"; };
		B75324BA1C3C0EA500BAD592 /* Assets.xcassets */ = {isa = PBXFileReference; lastKnownFileType = folder.assetcatalog; path = Assets.xcassets; sourceTree = "<group>"; };
		B75324BD1C3C0EA500BAD592 /* Base */ = {isa = PBXFileReference; lastKnownFileType = file.storyboard; name = Base; path = Base.lproj/LaunchScreen.storyboard; sourceTree = "<group>"; };
		B75324BF1C3C0EA500BAD592 /* Info.plist */ = {isa = PBXFileReference; lastKnownFileType = text.plist.xml; path = Info.plist; sourceTree = "<group>"; };
		B75324C41C3C0EA500BAD592 /* protocol_testTests.xctest */ = {isa = PBXFileReference; explicitFileType = wrapper.cfbundle; includeInIndex = 0; path = protocol_testTests.xctest; sourceTree = BUILT_PRODUCTS_DIR; };
		B75324C81C3C0EA500BAD592 /* protocol_testTests.swift */ = {isa = PBXFileReference; lastKnownFileType = sourcecode.swift; path = protocol_testTests.swift; sourceTree = "<group>"; };
		B75324CA1C3C0EA500BAD592 /* Info.plist */ = {isa = PBXFileReference; lastKnownFileType = text.plist.xml; path = Info.plist; sourceTree = "<group>"; };
		B75324CF1C3C0EA500BAD592 /* protocol_testUITests.xctest */ = {isa = PBXFileReference; explicitFileType = wrapper.cfbundle; includeInIndex = 0; path = protocol_testUITests.xctest; sourceTree = BUILT_PRODUCTS_DIR; };
		B75324D31C3C0EA500BAD592 /* protocol_testUITests.swift */ = {isa = PBXFileReference; lastKnownFileType = sourcecode.swift; path = protocol_testUITests.swift; sourceTree = "<group>"; };
		B75324D51C3C0EA500BAD592 /* Info.plist */ = {isa = PBXFileReference; lastKnownFileType = text.plist.xml; path = Info.plist; sourceTree = "<group>"; };
		B75324E11C3C0F7400BAD592 /* ModalView.swift */ = {isa = PBXFileReference; fileEncoding = 4; lastKnownFileType = sourcecode.swift; path = ModalView.swift; sourceTree = "<group>"; };
/* End PBXFileReference section */

/* Begin PBXFrameworksBuildPhase section */
		B75324AD1C3C0EA500BAD592 /* Frameworks */ = {
			isa = PBXFrameworksBuildPhase;
			buildActionMask = 2147483647;
			files = (
			);
			runOnlyForDeploymentPostprocessing = 0;
		};
		B75324C11C3C0EA500BAD592 /* Frameworks */ = {
			isa = PBXFrameworksBuildPhase;
			buildActionMask = 2147483647;
			files = (
			);
			runOnlyForDeploymentPostprocessing = 0;
		};
		B75324CC1C3C0EA500BAD592 /* Frameworks */ = {
			isa = PBXFrameworksBuildPhase;
			buildActionMask = 2147483647;
			files = (
			);
			runOnlyForDeploymentPostprocessing = 0;
		};
/* End PBXFrameworksBuildPhase section */

/* Begin PBXGroup section */
		B75324A71C3C0EA500BAD592 = {
			isa = PBXGroup;
			children = (
				B75324B21C3C0EA500BAD592 /* protocol_test */,
				B75324C71C3C0EA500BAD592 /* protocol_testTests */,
				B75324D21C3C0EA500BAD592 /* protocol_testUITests */,
				B75324B11C3C0EA500BAD592 /* Products */,
			);
			sourceTree = "<group>";
		};
		B75324B11C3C0EA500BAD592 /* Products */ = {
			isa = PBXGroup;
			children = (
				B75324B01C3C0EA500BAD592 /* protocol_test.app */,
				B75324C41C3C0EA500BAD592 /* protocol_testTests.xctest */,
				B75324CF1C3C0EA500BAD592 /* protocol_testUITests.xctest */,
			);
			name = Products;
			sourceTree = "<group>";
		};
		B75324B21C3C0EA500BAD592 /* protocol_test */ = {
			isa = PBXGroup;
			children = (
				B75324B31C3C0EA500BAD592 /* AppDelegate.swift */,
				B75324B51C3C0EA500BAD592 /* ViewController.swift */,
				B75324B71C3C0EA500BAD592 /* Main.storyboard */,
				B75324BA1C3C0EA500BAD592 /* Assets.xcassets */,
				B75324BC1C3C0EA500BAD592 /* LaunchScreen.storyboard */,
				B75324BF1C3C0EA500BAD592 /* Info.plist */,
				B75324E11C3C0F7400BAD592 /* ModalView.swift */,
			);
			path = protocol_test;
			sourceTree = "<group>";
		};
		B75324C71C3C0EA500BAD592 /* protocol_testTests */ = {
			isa = PBXGroup;
			children = (
				B75324C81C3C0EA500BAD592 /* protocol_testTests.swift */,
				B75324CA1C3C0EA500BAD592 /* Info.plist */,
			);
			path = protocol_testTests;
			sourceTree = "<group>";
		};
		B75324D21C3C0EA500BAD592 /* protocol_testUITests */ = {
			isa = PBXGroup;
			children = (
				B75324D31C3C0EA500BAD592 /* protocol_testUITests.swift */,
				B75324D51C3C0EA500BAD592 /* Info.plist */,
			);
			path = protocol_testUITests;
			sourceTree = "<group>";
		};
/* End PBXGroup section */

/* Begin PBXNativeTarget section */
		B75324AF1C3C0EA500BAD592 /* protocol_test */ = {
			isa = PBXNativeTarget;
			buildConfigurationList = B75324D81C3C0EA500BAD592 /* Build configuration list for PBXNativeTarget "protocol_test" */;
			buildPhases = (
				B75324AC1C3C0EA500BAD592 /* Sources */,
				B75324AD1C3C0EA500BAD592 /* Frameworks */,
				B75324AE1C3C0EA500BAD592 /* Resources */,
			);
			buildRules = (
			);
			dependencies = (
			);
			name = protocol_test;
			productName = protocol_test;
			productReference = B75324B01C3C0EA500BAD592 /* protocol_test.app */;
			productType = "com.apple.product-type.application";
		};
		B75324C31C3C0EA500BAD592 /* protocol_testTests */ = {
			isa = PBXNativeTarget;
			buildConfigurationList = B75324DB1C3C0EA500BAD592 /* Build configuration list for PBXNativeTarget "protocol_testTests" */;
			buildPhases = (
				B75324C01C3C0EA500BAD592 /* Sources */,
				B75324C11C3C0EA500BAD592 /* Frameworks */,
				B75324C21C3C0EA500BAD592 /* Resources */,
			);
			buildRules = (
			);
			dependencies = (
				B75324C61C3C0EA500BAD592 /* PBXTargetDependency */,
			);
			name = protocol_testTests;
			productName = protocol_testTests;
			productReference = B75324C41C3C0EA500BAD592 /* protocol_testTests.xctest */;
			productType = "com.apple.product-type.bundle.unit-test";
		};
		B75324CE1C3C0EA500BAD592 /* protocol_testUITests */ = {
			isa = PBXNativeTarget;
			buildConfigurationList = B75324DE1C3C0EA500BAD592 /* Build configuration list for PBXNativeTarget "protocol_testUITests" */;
			buildPhases = (
				B75324CB1C3C0EA500BAD592 /* Sources */,
				B75324CC1C3C0EA500BAD592 /* Frameworks */,
				B75324CD1C3C0EA500BAD592 /* Resources */,
			);
			buildRules = (
			);
			dependencies = (
				B75324D11C3C0EA500BAD592 /* PBXTargetDependency */,
			);
			name = protocol_testUITests;
			productName = protocol_testUITests;
			productReference = B75324CF1C3C0EA500BAD592 /* protocol_testUITests.xctest */;
			productType = "com.apple.product-type.bundle.ui-testing";
		};
/* End PBXNativeTarget section */

/* Begin PBXProject section */
		B75324A81C3C0EA500BAD592 /* Project object */ = {
			isa = PBXProject;
			attributes = {
				LastSwiftUpdateCheck = 0720;
				LastUpgradeCheck = 0720;
				ORGANIZATIONNAME = k2tt;
				TargetAttributes = {
					B75324AF1C3C0EA500BAD592 = {
						CreatedOnToolsVersion = 7.2;
					};
					B75324C31C3C0EA500BAD592 = {
						CreatedOnToolsVersion = 7.2;
						TestTargetID = B75324AF1C3C0EA500BAD592;
					};
					B75324CE1C3C0EA500BAD592 = {
						CreatedOnToolsVersion = 7.2;
						TestTargetID = B75324AF1C3C0EA500BAD592;
					};
				};
			};
			buildConfigurationList = B75324AB1C3C0EA500BAD592 /* Build configuration list for PBXProject "protocol_test" */;
			compatibilityVersion = "Xcode 3.2";
			developmentRegion = English;
			hasScannedForEncodings = 0;
			knownRegions = (
				en,
				Base,
			);
			mainGroup = B75324A71C3C0EA500BAD592;
			productRefGroup = B75324B11C3C0EA500BAD592 /* Products */;
			projectDirPath = "";
			projectRoot = "";
			targets = (
				B75324AF1C3C0EA500BAD592 /* protocol_test */,
				B75324C31C3C0EA500BAD592 /* protocol_testTests */,
				B75324CE1C3C0EA500BAD592 /* protocol_testUITests */,
			);
		};
/* End PBXProject section */

/* Begin PBXResourcesBuildPhase section */
		B75324AE1C3C0EA500BAD592 /* Resources */ = {
			isa = PBXResourcesBuildPhase;
			buildActionMask = 2147483647;
			files = (
				B75324BE1C3C0EA500BAD592 /* LaunchScreen.storyboard in Resources */,
				B75324BB1C3C0EA500BAD592 /* Assets.xcassets in Resources */,
				B75324B91C3C0EA500BAD592 /* Main.storyboard in Resources */,
			);
			runOnlyForDeploymentPostprocessing = 0;
		};
		B75324C21C3C0EA500BAD592 /* Resources */ = {
			isa = PBXResourcesBuildPhase;
			buildActionMask = 2147483647;
			files = (
			);
			runOnlyForDeploymentPostprocessing = 0;
		};
		B75324CD1C3C0EA500BAD592 /* Resources */ = {
			isa = PBXResourcesBuildPhase;
			buildActionMask = 2147483647;
			files = (
			);
			runOnlyForDeploymentPostprocessing = 0;
		};
/* End PBXResourcesBuildPhase section */

/* Begin PBXSourcesBuildPhase section */
		B75324AC1C3C0EA500BAD592 /* Sources */ = {
			isa = PBXSourcesBuildPhase;
			buildActionMask = 2147483647;
			files = (
				B75324E21C3C0F7400BAD592 /* ModalView.swift in Sources */,
				B75324B61C3C0EA500BAD592 /* ViewController.swift in Sources */,
				B75324B41C3C0EA500BAD592 /* AppDelegate.swift in Sources */,
			);
			runOnlyForDeploymentPostprocessing = 0;
		};
		B75324C01C3C0EA500BAD592 /* Sources */ = {
			isa = PBXSourcesBuildPhase;
			buildActionMask = 2147483647;
			files = (
				B75324C91C3C0EA500BAD592 /* protocol_testTests.swift in Sources */,
			);
			runOnlyForDeploymentPostprocessing = 0;
		};
		B75324CB1C3C0EA500BAD592 /* Sources */ = {
			isa = PBXSourcesBuildPhase;
			buildActionMask = 2147483647;
			files = (
				B75324D41C3C0EA500BAD592 /* protocol_testUITests.swift in Sources */,
			);
			runOnlyForDeploymentPostprocessing = 0;
		};
/* End PBXSourcesBuildPhase section */

/* Begin PBXTargetDependency section */
		B75324C61C3C0EA500BAD592 /* PBXTargetDependency */ = {
			isa = PBXTargetDependency;
			target = B75324AF1C3C0EA500BAD592 /* protocol_test */;
			targetProxy = B75324C51C3C0EA500BAD592 /* PBXContainerItemProxy */;
		};
		B75324D11C3C0EA500BAD592 /* PBXTargetDependency */ = {
			isa = PBXTargetDependency;
			target = B75324AF1C3C0EA500BAD592 /* protocol_test */;
			targetProxy = B75324D01C3C0EA500BAD592 /* PBXContainerItemProxy */;
		};
/* End PBXTargetDependency section */

/* Begin PBXVariantGroup section */
		B75324B71C3C0EA500BAD592 /* Main.storyboard */ = {
			isa = PBXVariantGroup;
			children = (
				B75324B81C3C0EA500BAD592 /* Base */,
			);
			name = Main.storyboard;
			sourceTree = "<group>";
		};
		B75324BC1C3C0EA500BAD592 /* LaunchScreen.storyboard */ = {
			isa = PBXVariantGroup;
			children = (
				B75324BD1C3C0EA500BAD592 /* Base */,
			);
			name = LaunchScreen.storyboard;
			sourceTree = "<group>";
		};
/* End PBXVariantGroup section */

/* Begin XCBuildConfiguration section */
		B75324D61C3C0EA500BAD592 /* Debug */ = {
			isa = XCBuildConfiguration;
			buildSettings = {
				ALWAYS_SEARCH_USER_PATHS = NO;
				CLANG_CXX_LANGUAGE_STANDARD = "gnu++0x";
				CLANG_CXX_LIBRARY = "libc++";
				CLANG_ENABLE_MODULES = YES;
				CLANG_ENABLE_OBJC_ARC = YES;
				CLANG_WARN_BOOL_CONVERSION = YES;
				CLANG_WARN_CONSTANT_CONVERSION = YES;
				CLANG_WARN_DIRECT_OBJC_ISA_USAGE = YES_ERROR;
				CLANG_WARN_EMPTY_BODY = YES;
				CLANG_WARN_ENUM_CONVERSION = YES;
				CLANG_WARN_INT_CONVERSION = YES;
				CLANG_WARN_OBJC_ROOT_CLASS = YES_ERROR;
				CLANG_WARN_UNREACHABLE_CODE = YES;
				CLANG_WARN__DUPLICATE_METHOD_MATCH = YES;
				"CODE_SIGN_IDENTITY[sdk=iphoneos*]" = "iPhone Developer";
				COPY_PHASE_STRIP = NO;
				DEBUG_INFORMATION_FORMAT = dwarf;
				ENABLE_STRICT_OBJC_MSGSEND = YES;
				ENABLE_TESTABILITY = YES;
				GCC_C_LANGUAGE_STANDARD = gnu99;
				GCC_DYNAMIC_NO_PIC = NO;
				GCC_NO_COMMON_BLOCKS = YES;
				GCC_OPTIMIZATION_LEVEL = 0;
				GCC_PREPROCESSOR_DEFINITIONS = (
					"DEBUG=1",
					"$(inherited)",
				);
				GCC_WARN_64_TO_32_BIT_CONVERSION = YES;
				GCC_WARN_ABOUT_RETURN_TYPE = YES_ERROR;
				GCC_WARN_UNDECLARED_SELECTOR = YES;
				GCC_WARN_UNINITIALIZED_AUTOS = YES_AGGRESSIVE;
				GCC_WARN_UNUSED_FUNCTION = YES;
				GCC_WARN_UNUSED_VARIABLE = YES;
				IPHONEOS_DEPLOYMENT_TARGET = 9.2;
				MTL_ENABLE_DEBUG_INFO = YES;
				ONLY_ACTIVE_ARCH = YES;
				SDKROOT = iphoneos;
				SWIFT_OPTIMIZATION_LEVEL = "-Onone";
				TARGETED_DEVICE_FAMILY = "1,2";
			};
			name = Debug;
		};
		B75324D71C3C0EA500BAD592 /* Release */ = {
			isa = XCBuildConfiguration;
			buildSettings = {
				ALWAYS_SEARCH_USER_PATHS = NO;
				CLANG_CXX_LANGUAGE_STANDARD = "gnu++0x";
				CLANG_CXX_LIBRARY = "libc++";
				CLANG_ENABLE_MODULES = YES;
				CLANG_ENABLE_OBJC_ARC = YES;
				CLANG_WARN_BOOL_CONVERSION = YES;
				CLANG_WARN_CONSTANT_CONVERSION = YES;
				CLANG_WARN_DIRECT_OBJC_ISA_USAGE = YES_ERROR;
				CLANG_WARN_EMPTY_BODY = YES;
				CLANG_WARN_ENUM_CONVERSION = YES;
				CLANG_WARN_INT_CONVERSION = YES;
				CLANG_WARN_OBJC_ROOT_CLASS = YES_ERROR;
				CLANG_WARN_UNREACHABLE_CODE = YES;
				CLANG_WARN__DUPLICATE_METHOD_MATCH = YES;
				"CODE_SIGN_IDENTITY[sdk=iphoneos*]" = "iPhone Developer";
				COPY_PHASE_STRIP = NO;
				DEBUG_INFORMATION_FORMAT = "dwarf-with-dsym";
				ENABLE_NS_ASSERTIONS = NO;
				ENABLE_STRICT_OBJC_MSGSEND = YES;
				GCC_C_LANGUAGE_STANDARD = gnu99;
				GCC_NO_COMMON_BLOCKS = YES;
				GCC_WARN_64_TO_32_BIT_CONVERSION = YES;
				GCC_WARN_ABOUT_RETURN_TYPE = YES_ERROR;
				GCC_WARN_UNDECLARED_SELECTOR = YES;
				GCC_WARN_UNINITIALIZED_AUTOS = YES_AGGRESSIVE;
				GCC_WARN_UNUSED_FUNCTION = YES;
				GCC_WARN_UNUSED_VARIABLE = YES;
				IPHONEOS_DEPLOYMENT_TARGET = 9.2;
				MTL_ENABLE_DEBUG_INFO = NO;
				SDKROOT = iphoneos;
				TARGETED_DEVICE_FAMILY = "1,2";
				VALIDATE_PRODUCT = YES;
			};
			name = Release;
		};
		B75324D91C3C0EA500BAD592 /* Debug */ = {
			isa = XCBuildConfiguration;
			buildSettings = {
				ASSETCATALOG_COMPILER_APPICON_NAME = AppIcon;
				INFOPLIST_FILE = protocol_test/Info.plist;
				LD_RUNPATH_SEARCH_PATHS = "$(inherited) @executable_path/Frameworks";
				PRODUCT_BUNDLE_IDENTIFIER = "com.k2tt.protocol-test";
				PRODUCT_NAME = "$(TARGET_NAME)";
			};
			name = Debug;
		};
		B75324DA1C3C0EA500BAD592 /* Release */ = {
			isa = XCBuildConfiguration;
			buildSettings = {
				ASSETCATALOG_COMPILER_APPICON_NAME = AppIcon;
				INFOPLIST_FILE = protocol_test/Info.plist;
				LD_RUNPATH_SEARCH_PATHS = "$(inherited) @executable_path/Frameworks";
				PRODUCT_BUNDLE_IDENTIFIER = "com.k2tt.protocol-test";
				PRODUCT_NAME = "$(TARGET_NAME)";
			};
			name = Release;
		};
		B75324DC1C3C0EA500BAD592 /* Debug */ = {
			isa = XCBuildConfiguration;
			buildSettings = {
				BUNDLE_LOADER = "$(TEST_HOST)";
				INFOPLIST_FILE = protocol_testTests/Info.plist;
				LD_RUNPATH_SEARCH_PATHS = "$(inherited) @executable_path/Frameworks @loader_path/Frameworks";
				PRODUCT_BUNDLE_IDENTIFIER = "com.k2tt.protocol-testTests";
				PRODUCT_NAME = "$(TARGET_NAME)";
				TEST_HOST = "$(BUILT_PRODUCTS_DIR)/protocol_test.app/protocol_test";
			};
			name = Debug;
		};
		B75324DD1C3C0EA500BAD592 /* Release */ = {
			isa = XCBuildConfiguration;
			buildSettings = {
				BUNDLE_LOADER = "$(TEST_HOST)";
				INFOPLIST_FILE = protocol_testTests/Info.plist;
				LD_RUNPATH_SEARCH_PATHS = "$(inherited) @executable_path/Frameworks @loader_path/Frameworks";
				PRODUCT_BUNDLE_IDENTIFIER = "com.k2tt.protocol-testTests";
				PRODUCT_NAME = "$(TARGET_NAME)";
				TEST_HOST = "$(BUILT_PRODUCTS_DIR)/protocol_test.app/protocol_test";
			};
			name = Release;
		};
		B75324DF1C3C0EA500BAD592 /* Debug */ = {
			isa = XCBuildConfiguration;
			buildSettings = {
				INFOPLIST_FILE = protocol_testUITests/Info.plist;
				LD_RUNPATH_SEARCH_PATHS = "$(inherited) @executable_path/Frameworks @loader_path/Frameworks";
				PRODUCT_BUNDLE_IDENTIFIER = "com.k2tt.protocol-testUITests";
				PRODUCT_NAME = "$(TARGET_NAME)";
				TEST_TARGET_NAME = protocol_test;
				USES_XCTRUNNER = YES;
			};
			name = Debug;
		};
		B75324E01C3C0EA500BAD592 /* Release */ = {
			isa = XCBuildConfiguration;
			buildSettings = {
				INFOPLIST_FILE = protocol_testUITests/Info.plist;
				LD_RUNPATH_SEARCH_PATHS = "$(inherited) @executable_path/Frameworks @loader_path/Frameworks";
				PRODUCT_BUNDLE_IDENTIFIER = "com.k2tt.protocol-testUITests";
				PRODUCT_NAME = "$(TARGET_NAME)";
				TEST_TARGET_NAME = protocol_test;
				USES_XCTRUNNER = YES;
			};
			name = Release;
		};
/* End XCBuildConfiguration section */

/* Begin XCConfigurationList section */
		B75324AB1C3C0EA500BAD592 /* Build configuration list for PBXProject "protocol_test" */ = {
			isa = XCConfigurationList;
			buildConfigurations = (
				B75324D61C3C0EA500BAD592 /* Debug */,
				B75324D71C3C0EA500BAD592 /* Release */,
			);
			defaultConfigurationIsVisible = 0;
			defaultConfigurationName = Release;
		};
		B75324D81C3C0EA500BAD592 /* Build configuration list for PBXNativeTarget "protocol_test" */ = {
			isa = XCConfigurationList;
			buildConfigurations = (
				B75324D91C3C0EA500BAD592 /* Debug */,
				B75324DA1C3C0EA500BAD592 /* Release */,
			);
			defaultConfigurationIsVisible = 0;
		};
		B75324DB1C3C0EA500BAD592 /* Build configuration list for PBXNativeTarget "protocol_testTests" */ = {
			isa = XCConfigurationList;
			buildConfigurations = (
				B75324DC1C3C0EA500BAD592 /* Debug */,
				B75324DD1C3C0EA500BAD592 /* Release */,
			);
			defaultConfigurationIsVisible = 0;
		};
		B75324DE1C3C0EA500BAD592 /* Build configuration list for PBXNativeTarget "protocol_testUITests" */ = {
			isa = XCConfigurationList;
			buildConfigurations = (
				B75324DF1C3C0EA500BAD592 /* Debug */,
				B75324E01C3C0EA500BAD592 /* Release */,
			);
			defaultConfigurationIsVisible = 0;
		};
/* End XCConfigurationList section */
	};
	rootObject = B75324A81C3C0EA500BAD592 /* Project object */;
}
